
Microsoft Visual Studio Solution File, Format Version 11.00
# Visual C++ Express 2010
Project("{8BC9CEB8-8B4A-11D0-8D11-00A0C91BC942}") = "assignment2", "assignment2\assignment2.vcxproj", "{4ABEE709-E0A7-4D37-8D25-7F37E39076E3}"
EndProject
Global
	GlobalSection(SolutionConfigurationPlatforms) = preSolution
		Debug|Win32 = Debug|Win32
		Release|Win32 = Release|Win32
	EndGlobalSection
	GlobalSection(ProjectConfigurationPlatforms) = postSolution
		{4ABEE709-E0A7-4D37-8D25-7F37E39076E3}.Debug|Win32.ActiveCfg = Debug|Win32
		{4ABEE709-E0A7-4D37-8D25-7F37E39076E3}.Debug|Win32.Build.0 = Debug|Win32
		{4ABEE709-E0A7-4D37-8D25-7F37E39076E3}.Release|Win32.ActiveCfg = Release|Win32
		{4ABEE709-E0A7-4D37-8D25-7F37E39076E3}.Release|Win32.Build.0 = Release|Win32
	EndGlobalSection
	GlobalSection(SolutionProperties) = preSolution
		HideSolutionNode = FALSE
	EndGlobalSection
EndGlobal
